
Microsoft Visual Studio Solution File, Format Version 12.00
# Visual Studio 15
VisualStudioVersion = 15.0.28307.705
MinimumVisualStudioVersion = 10.0.40219.1
Project("{FAE04EC0-301F-11D3-BF4B-00C04F79EFBC}") = "SRTP_Win", "SRTP_Win\SRTP_Win.csproj", "{276B662F-5EB5-4DFE-8E36-1D064E7790AB}"
EndProject
Global
	GlobalSection(SolutionConfigurationPlatforms) = preSolution
		Debug|Any CPU = Debug|Any CPU
		Release|Any CPU = Release|Any CPU
	EndGlobalSection
	GlobalSection(ProjectConfigurationPlatforms) = postSolution
		{276B662F-5EB5-4DFE-8E36-1D064E7790AB}.Debug|Any CPU.ActiveCfg = Debug|Any CPU
		{276B662F-5EB5-4DFE-8E36-1D064E7790AB}.Debug|Any CPU.Build.0 = Debug|Any CPU
		{276B662F-5EB5-4DFE-8E36-1D064E7790AB}.Release|Any CPU.ActiveCfg = Release|Any CPU
		{276B662F-5EB5-4DFE-8E36-1D064E7790AB}.Release|Any CPU.Build.0 = Release|Any CPU
	EndGlobalSection
	GlobalSection(SolutionProperties) = preSolution
		HideSolutionNode = FALSE
	EndGlobalSection
	GlobalSection(ExtensibilityGlobals) = postSolution
		SolutionGuid = {A683E650-2853-421C-8E85-D96D448E839E}
	EndGlobalSection
EndGlobal
